
Microsoft Visual Studio Solution File, Format Version 12.00
# Visual Studio 15
VisualStudioVersion = 15.0.27703.2042
MinimumVisualStudioVersion = 10.0.40219.1
Project("{FAE04EC0-301F-11D3-BF4B-00C04F79EFBC}") = "TestApp", "TestApp\TestApp.csproj", "{D9886606-24E7-4C43-AFBC-583E3446C25C}"
EndProject
Project("{8BC9CEB8-8B4A-11D0-8D11-00A0C91BC942}") = "ClassLib", "ClassLib\ClassLib.vcxproj", "{77347D9B-DC84-430B-B9C9-C94955648E86}"
EndProject
Global
	GlobalSection(SolutionConfigurationPlatforms) = preSolution
		Debug|Any CPU = Debug|Any CPU
		Debug|x64 = Debug|x64
		Debug|x86 = Debug|x86
		Release|Any CPU = Release|Any CPU
		Release|x64 = Release|x64
		Release|x86 = Release|x86
	EndGlobalSection
	GlobalSection(ProjectConfigurationPlatforms) = postSolution
		{D9886606-24E7-4C43-AFBC-583E3446C25C}.Debug|Any CPU.ActiveCfg = Debug|Any CPU
		{D9886606-24E7-4C43-AFBC-583E3446C25C}.Debug|Any CPU.Build.0 = Debug|Any CPU
		{D9886606-24E7-4C43-AFBC-583E3446C25C}.Debug|x64.ActiveCfg = Debug|Any CPU
		{D9886606-24E7-4C43-AFBC-583E3446C25C}.Debug|x64.Build.0 = Debug|Any CPU
		{D9886606-24E7-4C43-AFBC-583E3446C25C}.Debug|x86.ActiveCfg = Debug|Any CPU
		{D9886606-24E7-4C43-AFBC-583E3446C25C}.Debug|x86.Build.0 = Debug|Any CPU
		{D9886606-24E7-4C43-AFBC-583E3446C25C}.Release|Any CPU.ActiveCfg = Release|Any CPU
		{D9886606-24E7-4C43-AFBC-583E3446C25C}.Release|Any CPU.Build.0 = Release|Any CPU
		{D9886606-24E7-4C43-AFBC-583E3446C25C}.Release|x64.ActiveCfg = Release|Any CPU
		{D9886606-24E7-4C43-AFBC-583E3446C25C}.Release|x64.Build.0 = Release|Any CPU
		{D9886606-24E7-4C43-AFBC-583E3446C25C}.Release|x86.ActiveCfg = Release|Any CPU
		{D9886606-24E7-4C43-AFBC-583E3446C25C}.Release|x86.Build.0 = Release|Any CPU
		{77347D9B-DC84-430B-B9C9-C94955648E86}.Debug|Any CPU.ActiveCfg = Debug|Win32
		{77347D9B-DC84-430B-B9C9-C94955648E86}.Debug|x64.ActiveCfg = Debug|x64
		{77347D9B-DC84-430B-B9C9-C94955648E86}.Debug|x64.Build.0 = Debug|x64
		{77347D9B-DC84-430B-B9C9-C94955648E86}.Debug|x86.ActiveCfg = Debug|Win32
		{77347D9B-DC84-430B-B9C9-C94955648E86}.Debug|x86.Build.0 = Debug|Win32
		{77347D9B-DC84-430B-B9C9-C94955648E86}.Release|Any CPU.ActiveCfg = Release|Win32
		{77347D9B-DC84-430B-B9C9-C94955648E86}.Release|x64.ActiveCfg = Release|x64
		{77347D9B-DC84-430B-B9C9-C94955648E86}.Release|x64.Build.0 = Release|x64
		{77347D9B-DC84-430B-B9C9-C94955648E86}.Release|x86.ActiveCfg = Release|Win32
		{77347D9B-DC84-430B-B9C9-C94955648E86}.Release|x86.Build.0 = Release|Win32
	EndGlobalSection
	GlobalSection(SolutionProperties) = preSolution
		HideSolutionNode = FALSE
	EndGlobalSection
	GlobalSection(ExtensibilityGlobals) = postSolution
		SolutionGuid = {660EFBF4-C574-43A6-A3D7-22B3921293BF}
	EndGlobalSection
EndGlobal
